
Microsoft Visual Studio Solution File, Format Version 12.00
# Visual Studio Version 16
VisualStudioVersion = 16.0.31424.327
MinimumVisualStudioVersion = 10.0.40219.1
Project("{FAE04EC0-301F-11D3-BF4B-00C04F79EFBC}") = "ApiFacturas", "ApiFacturas.csproj", "{95139762-3577-4E30-B064-E6304C7B8E75}"
EndProject
Global
	GlobalSection(SolutionConfigurationPlatforms) = preSolution
		Debug|Any CPU = Debug|Any CPU
		Release|Any CPU = Release|Any CPU
	EndGlobalSection
	GlobalSection(ProjectConfigurationPlatforms) = postSolution
		{95139762-3577-4E30-B064-E6304C7B8E75}.Debug|Any CPU.ActiveCfg = Debug|Any CPU
		{95139762-3577-4E30-B064-E6304C7B8E75}.Debug|Any CPU.Build.0 = Debug|Any CPU
		{95139762-3577-4E30-B064-E6304C7B8E75}.Release|Any CPU.ActiveCfg = Release|Any CPU
		{95139762-3577-4E30-B064-E6304C7B8E75}.Release|Any CPU.Build.0 = Release|Any CPU
	EndGlobalSection
	GlobalSection(SolutionProperties) = preSolution
		HideSolutionNode = FALSE
	EndGlobalSection
	GlobalSection(ExtensibilityGlobals) = postSolution
		SolutionGuid = {0D3CCF43-6D01-414B-B035-C7400833542B}
	EndGlobalSection
EndGlobal
